
Microsoft Visual Studio Solution File, Format Version 12.00
# Visual Studio Version 16
VisualStudioVersion = 16.0.30011.22
MinimumVisualStudioVersion = 10.0.40219.1
Project("{F184B08F-C81C-45F6-A57F-5ABD9991F28F}") = "InvaMeetings.Database", "InvaMeetings.Database\InvaMeetings.Database.vbproj", "{849B6DE8-4E63-4298-8814-C3BA1BE6DC61}"
EndProject
Global
	GlobalSection(SolutionConfigurationPlatforms) = preSolution
		Debug|Any CPU = Debug|Any CPU
		Release|Any CPU = Release|Any CPU
	EndGlobalSection
	GlobalSection(ProjectConfigurationPlatforms) = postSolution
		{849B6DE8-4E63-4298-8814-C3BA1BE6DC61}.Debug|Any CPU.ActiveCfg = Debug|Any CPU
		{849B6DE8-4E63-4298-8814-C3BA1BE6DC61}.Debug|Any CPU.Build.0 = Debug|Any CPU
		{849B6DE8-4E63-4298-8814-C3BA1BE6DC61}.Release|Any CPU.ActiveCfg = Release|Any CPU
		{849B6DE8-4E63-4298-8814-C3BA1BE6DC61}.Release|Any CPU.Build.0 = Release|Any CPU
	EndGlobalSection
	GlobalSection(SolutionProperties) = preSolution
		HideSolutionNode = FALSE
	EndGlobalSection
	GlobalSection(ExtensibilityGlobals) = postSolution
		SolutionGuid = {3E707DCB-6671-4410-AACA-E1829ED975F8}
	EndGlobalSection
EndGlobal
